
Microsoft Visual Studio Solution File, Format Version 12.00
# Visual Studio Version 17
VisualStudioVersion = 17.7.34031.279
MinimumVisualStudioVersion = 10.0.40219.1
Project("{FAE04EC0-301F-11D3-BF4B-00C04F79EFBC}") = "BulkyBookWeb", "BulkyBookWeb\BulkyBookWeb.csproj", "{FCDDC962-9080-4EFC-B70F-840F00ADFC93}"
EndProject
Global
	GlobalSection(SolutionConfigurationPlatforms) = preSolution
		Debug|Any CPU = Debug|Any CPU
		Release|Any CPU = Release|Any CPU
	EndGlobalSection
	GlobalSection(ProjectConfigurationPlatforms) = postSolution
		{FCDDC962-9080-4EFC-B70F-840F00ADFC93}.Debug|Any CPU.ActiveCfg = Debug|Any CPU
		{FCDDC962-9080-4EFC-B70F-840F00ADFC93}.Debug|Any CPU.Build.0 = Debug|Any CPU
		{FCDDC962-9080-4EFC-B70F-840F00ADFC93}.Release|Any CPU.ActiveCfg = Release|Any CPU
		{FCDDC962-9080-4EFC-B70F-840F00ADFC93}.Release|Any CPU.Build.0 = Release|Any CPU
	EndGlobalSection
	GlobalSection(SolutionProperties) = preSolution
		HideSolutionNode = FALSE
	EndGlobalSection
	GlobalSection(ExtensibilityGlobals) = postSolution
		SolutionGuid = {6DEAAAFB-CA57-4570-AE60-FBCC1172EC78}
	EndGlobalSection
EndGlobal
